# This file is automatically @generated by Cargo.
# It is not intended for manual editing.
version = 3

[[package]]
name = "solmeet"
version = "0.1.0"
dependencies = [
 "anchor-lang",
]

[[package]]
name = "anchor-lang"
version = "0.29.0"
source = "registry+https://github.com/rust-lang/crates.io-index"
checksum = "a0e4d607113a3f0d13fbd9244e6821e460a37f0c63b862a87ce26c24ddb69a9d"
dependencies = [
 "anchor-attribute-access-control",
 "anchor-attribute-account",
 "anchor-attribute-constant",
 "anchor-attribute-error",
 "anchor-attribute-event",
 "anchor-attribute-program",
 "anchor-derive-accounts",
 "anchor-derive-space",
 "anchor-syn",
 "cfg-if",
 "proc-macro2",
 "quote",
 "rustversion",
 "solana-program",
 "syn",
 "thiserror",
]

# ... many more dependencies would be listed here in a real Cargo.lock file
